
Microsoft Visual Studio Solution File, Format Version 11.00
# Visual Studio 2010
Project("{FAE04EC0-301F-11D3-BF4B-00C04F79EFBC}") = "cb02", "cb02\cb02.csproj", "{BCF9D82C-E7BA-4493-B35C-257EA4B089E5}"
EndProject
Global
	GlobalSection(SolutionConfigurationPlatforms) = preSolution
		Debug|Any CPU = Debug|Any CPU
		Release|Any CPU = Release|Any CPU
	EndGlobalSection
	GlobalSection(ProjectConfigurationPlatforms) = postSolution
		{BCF9D82C-E7BA-4493-B35C-257EA4B089E5}.Debug|Any CPU.ActiveCfg = Debug|Any CPU
		{BCF9D82C-E7BA-4493-B35C-257EA4B089E5}.Debug|Any CPU.Build.0 = Debug|Any CPU
		{BCF9D82C-E7BA-4493-B35C-257EA4B089E5}.Release|Any CPU.ActiveCfg = Release|Any CPU
		{BCF9D82C-E7BA-4493-B35C-257EA4B089E5}.Release|Any CPU.Build.0 = Release|Any CPU
	EndGlobalSection
	GlobalSection(SolutionProperties) = preSolution
		HideSolutionNode = FALSE
	EndGlobalSection
EndGlobal
